// !$*UTF8*$!
{
	archiveVersion = 1;
	classes = {
	};
	objectVersion = 77;
	objects = {

/* Begin PBXBuildFile section */
		AA000001000000000000001A /* AgentsUsageBarApp.swift in Sources */ = {isa = PBXBuildFile; fileRef = AA000001000000000000001B /* AgentsUsageBarApp.swift */; };
		AA000001000000000000002A /* AppDependencies.swift in Sources */ = {isa = PBXBuildFile; fileRef = AA000001000000000000002B /* AppDependencies.swift */; };
		AA080800000000000000001A /* AppEnvironment.swift in Sources */ = {isa = PBXBuildFile; fileRef = AA080800000000000000001B /* AppEnvironment.swift */; };
		AA000001000000000000003A /* AggregateStore.swift in Sources */ = {isa = PBXBuildFile; fileRef = AA000001000000000000003B /* AggregateStore.swift */; };
		AA000001000000000000004A /* ProviderID.swift in Sources */ = {isa = PBXBuildFile; fileRef = AA000001000000000000004B /* ProviderID.swift */; };
		AA000001000000000000005A /* ProviderState.swift in Sources */ = {isa = PBXBuildFile; fileRef = AA000001000000000000005B /* ProviderState.swift */; };
		AA000001000000000000006A /* PopoverRootView.swift in Sources */ = {isa = PBXBuildFile; fileRef = AA000001000000000000006B /* PopoverRootView.swift */; };
		AA000001000000000000007A /* ProviderRowView.swift in Sources */ = {isa = PBXBuildFile; fileRef = AA000001000000000000007B /* ProviderRowView.swift */; };
		AA000001000000000000008A /* FooterView.swift in Sources */ = {isa = PBXBuildFile; fileRef = AA000001000000000000008B /* FooterView.swift */; };
		AA000001000000000000009A /* Assets.xcassets in Resources */ = {isa = PBXBuildFile; fileRef = AA000001000000000000009B /* Assets.xcassets */; };
		AA00000100000000000000AA /* AgentsUsageBarTests.swift in Sources */ = {isa = PBXBuildFile; fileRef = AA00000100000000000000AB /* AgentsUsageBarTests.swift */; };
		AA00000100000000000000BA /* AgentsUsageBar.app in Frameworks */ = {isa = PBXBuildFile; fileRef = AA00000100000000000000BB /* AgentsUsageBar.app */; };
		/* Plan 01.02 — Domain sources */
		AA020200000000000000001A /* UsageSnapshot.swift in Sources */ = {isa = PBXBuildFile; fileRef = AA020200000000000000001B /* UsageSnapshot.swift */; };
		AA020200000000000000002A /* DailyTotals.swift in Sources */ = {isa = PBXBuildFile; fileRef = AA020200000000000000002B /* DailyTotals.swift */; };
		AA020200000000000000003A /* Quota.swift in Sources */ = {isa = PBXBuildFile; fileRef = AA020200000000000000003B /* Quota.swift */; };
		AA020200000000000000004A /* ProviderStatus.swift in Sources */ = {isa = PBXBuildFile; fileRef = AA020200000000000000004B /* ProviderStatus.swift */; };
		AA020200000000000000005A /* ProviderError.swift in Sources */ = {isa = PBXBuildFile; fileRef = AA020200000000000000005B /* ProviderError.swift */; };
		AA020200000000000000006A /* ProviderCapabilities.swift in Sources */ = {isa = PBXBuildFile; fileRef = AA020200000000000000006B /* ProviderCapabilities.swift */; };
		AA020200000000000000007A /* ThresholdState.swift in Sources */ = {isa = PBXBuildFile; fileRef = AA020200000000000000007B /* ThresholdState.swift */; };
		AA020200000000000000008A /* NotificationDecision.swift in Sources */ = {isa = PBXBuildFile; fileRef = AA020200000000000000008B /* NotificationDecision.swift */; };
		AA020200000000000000009A /* RefreshInterval.swift in Sources */ = {isa = PBXBuildFile; fileRef = AA020200000000000000009B /* RefreshInterval.swift */; };
		AA02020000000000000000AA /* Secret.swift in Sources */ = {isa = PBXBuildFile; fileRef = AA02020000000000000000AB /* Secret.swift */; };
		AA02020000000000000000BA /* TodayHelper.swift in Sources */ = {isa = PBXBuildFile; fileRef = AA02020000000000000000BB /* TodayHelper.swift */; };
		/* Plan 01.02 — Infrastructure sources */
		AA020200000000000000010A /* HTTPClient.swift in Sources */ = {isa = PBXBuildFile; fileRef = AA020200000000000000010B /* HTTPClient.swift */; };
		AA020200000000000000011A /* URLSessionHTTPClient.swift in Sources */ = {isa = PBXBuildFile; fileRef = AA020200000000000000011B /* URLSessionHTTPClient.swift */; };
		AA020200000000000000012A /* Clock.swift in Sources */ = {isa = PBXBuildFile; fileRef = AA020200000000000000012B /* Clock.swift */; };
		AA020200000000000000013A /* CacheStore.swift in Sources */ = {isa = PBXBuildFile; fileRef = AA020200000000000000013B /* CacheStore.swift */; };
		AA020200000000000000014A /* FileCacheStore.swift in Sources */ = {isa = PBXBuildFile; fileRef = AA020200000000000000014B /* FileCacheStore.swift */; };
		AA020200000000000000015A /* AppLogger.swift in Sources */ = {isa = PBXBuildFile; fileRef = AA020200000000000000015B /* AppLogger.swift */; };
		/* Plan 01.02 — Test sources */
		AA020200000000000000020A /* SecretTests.swift in Sources */ = {isa = PBXBuildFile; fileRef = AA020200000000000000020B /* SecretTests.swift */; };
		AA020200000000000000021A /* TodayHelperTests.swift in Sources */ = {isa = PBXBuildFile; fileRef = AA020200000000000000021B /* TodayHelperTests.swift */; };
		AA020200000000000000022A /* QuotaTests.swift in Sources */ = {isa = PBXBuildFile; fileRef = AA020200000000000000022B /* QuotaTests.swift */; };
		AA020200000000000000023A /* ThresholdStateTests.swift in Sources */ = {isa = PBXBuildFile; fileRef = AA020200000000000000023B /* ThresholdStateTests.swift */; };
		AA020200000000000000024A /* FileCacheStoreTests.swift in Sources */ = {isa = PBXBuildFile; fileRef = AA020200000000000000024B /* FileCacheStoreTests.swift */; };
		AA020200000000000000025A /* URLSessionHTTPClientTests.swift in Sources */ = {isa = PBXBuildFile; fileRef = AA020200000000000000025B /* URLSessionHTTPClientTests.swift */; };
		/* Plan 01.03 — Config sources */
		AA030300000000000000001A /* AppConfig.swift in Sources */ = {isa = PBXBuildFile; fileRef = AA030300000000000000001B /* AppConfig.swift */; };
		AA030300000000000000002A /* EnvReader.swift in Sources */ = {isa = PBXBuildFile; fileRef = AA030300000000000000002B /* EnvReader.swift */; };
		AA030300000000000000003A /* TomlReader.swift in Sources */ = {isa = PBXBuildFile; fileRef = AA030300000000000000003B /* TomlReader.swift */; };
		AA030300000000000000004A /* ConfigStore.swift in Sources */ = {isa = PBXBuildFile; fileRef = AA030300000000000000004B /* ConfigStore.swift */; };
		/* Plan 01.03 — Config test sources */
		AA030300000000000000010A /* TomlReaderTests.swift in Sources */ = {isa = PBXBuildFile; fileRef = AA030300000000000000010B /* TomlReaderTests.swift */; };
		AA030300000000000000011A /* ConfigStoreTests.swift in Sources */ = {isa = PBXBuildFile; fileRef = AA030300000000000000011B /* ConfigStoreTests.swift */; };
		/* Plan 01.03 — TOML fixture resources */
		AA030300000000000000020A /* valid.toml in Resources */ = {isa = PBXBuildFile; fileRef = AA030300000000000000020B /* valid.toml */; };
		AA030300000000000000021A /* malformed.toml in Resources */ = {isa = PBXBuildFile; fileRef = AA030300000000000000021B /* malformed.toml */; };
		AA030300000000000000022A /* empty.toml in Resources */ = {isa = PBXBuildFile; fileRef = AA030300000000000000022B /* empty.toml */; };
		AA030300000000000000023A /* comments-only.toml in Resources */ = {isa = PBXBuildFile; fileRef = AA030300000000000000023B /* comments-only.toml */; };
		/* Plan 01.04 — Provider protocol + OpenRouter implementation sources */
		AA040400000000000000001A /* UsageProvider.swift in Sources */ = {isa = PBXBuildFile; fileRef = AA040400000000000000001B /* UsageProvider.swift */; };
		AA040400000000000000002A /* OpenRouterEndpoint.swift in Sources */ = {isa = PBXBuildFile; fileRef = AA040400000000000000002B /* OpenRouterEndpoint.swift */; };
		AA040400000000000000003A /* OpenRouterResponses.swift in Sources */ = {isa = PBXBuildFile; fileRef = AA040400000000000000003B /* OpenRouterResponses.swift */; };
		AA040400000000000000004A /* OpenRouterClient.swift in Sources */ = {isa = PBXBuildFile; fileRef = AA040400000000000000004B /* OpenRouterClient.swift */; };
		AA040400000000000000005A /* OpenRouterProvider.swift in Sources */ = {isa = PBXBuildFile; fileRef = AA040400000000000000005B /* OpenRouterProvider.swift */; };
		/* Plan 01.04 — Test sources */
		AA040400000000000000010A /* ResponseDecodingTests.swift in Sources */ = {isa = PBXBuildFile; fileRef = AA040400000000000000010B /* ResponseDecodingTests.swift */; };
		AA040400000000000000011A /* OpenRouterProviderTests.swift in Sources */ = {isa = PBXBuildFile; fileRef = AA040400000000000000011B /* OpenRouterProviderTests.swift */; };
		AA040400000000000000012A /* BaselineDeltaTests.swift in Sources */ = {isa = PBXBuildFile; fileRef = AA040400000000000000012B /* BaselineDeltaTests.swift */; };
		/* Plan 01.04 — JSON fixture resources */
		AA040400000000000000020A /* credits.success.json in Resources */ = {isa = PBXBuildFile; fileRef = AA040400000000000000020B /* credits.success.json */; };
		AA040400000000000000021A /* credits.unauthorized.json in Resources */ = {isa = PBXBuildFile; fileRef = AA040400000000000000021B /* credits.unauthorized.json */; };
		AA040400000000000000022A /* key.with_limit.json in Resources */ = {isa = PBXBuildFile; fileRef = AA040400000000000000022B /* key.with_limit.json */; };
		AA040400000000000000023A /* key.no_limit.json in Resources */ = {isa = PBXBuildFile; fileRef = AA040400000000000000023B /* key.no_limit.json */; };
		/* Plan 01.05 — NoopCacheStore (Infrastructure fallback) */
		AA050500000000000000004A /* NoopCacheStore.swift in Sources */ = {isa = PBXBuildFile; fileRef = AA050500000000000000004B /* NoopCacheStore.swift */; };
		/* Plan 01.05 — Aggregation + Notifications sources */
		AA050500000000000000001A /* PollScheduler.swift in Sources */ = {isa = PBXBuildFile; fileRef = AA050500000000000000001B /* PollScheduler.swift */; };
		AA050500000000000000002A /* ThresholdEngine.swift in Sources */ = {isa = PBXBuildFile; fileRef = AA050500000000000000002B /* ThresholdEngine.swift */; };
		AA050500000000000000003A /* NotificationManager.swift in Sources */ = {isa = PBXBuildFile; fileRef = AA050500000000000000003B /* NotificationManager.swift */; };
		/* Plan 01.05 — Test sources */
		AA050500000000000000010A /* AggregateStoreTests.swift in Sources */ = {isa = PBXBuildFile; fileRef = AA050500000000000000010B /* AggregateStoreTests.swift */; };
		AA050500000000000000011A /* PollSchedulerTests.swift in Sources */ = {isa = PBXBuildFile; fileRef = AA050500000000000000011B /* PollSchedulerTests.swift */; };
		/* Plan 01.06 — UI Environment + Components build files (app target) */
		AA060600000000000000001A /* ClockEnvironmentKey.swift in Sources */ = {isa = PBXBuildFile; fileRef = AA060600000000000000001B /* ClockEnvironmentKey.swift */; };
		AA060600000000000000002A /* QuotaBar.swift in Sources */ = {isa = PBXBuildFile; fileRef = AA060600000000000000002B /* QuotaBar.swift */; };
		AA060600000000000000003A /* StatusDot.swift in Sources */ = {isa = PBXBuildFile; fileRef = AA060600000000000000003B /* StatusDot.swift */; };
		AA060600000000000000004A /* RelativeTimestampLabel.swift in Sources */ = {isa = PBXBuildFile; fileRef = AA060600000000000000004B /* RelativeTimestampLabel.swift */; };
		AA060600000000000000005A /* TotalsHeaderView.swift in Sources */ = {isa = PBXBuildFile; fileRef = AA060600000000000000005B /* TotalsHeaderView.swift */; };
		/* Plan 01.06 — UITests build files (test target) */
		AA060600000000000000010A /* QuotaBarTests.swift in Sources */ = {isa = PBXBuildFile; fileRef = AA060600000000000000010B /* QuotaBarTests.swift */; };
		AA060600000000000000011A /* RelativeTimestampLabelTests.swift in Sources */ = {isa = PBXBuildFile; fileRef = AA060600000000000000011B /* RelativeTimestampLabelTests.swift */; };
		AA060600000000000000012A /* FooterViewTests.swift in Sources */ = {isa = PBXBuildFile; fileRef = AA060600000000000000012B /* FooterViewTests.swift */; };
		/* Plan 01.09 — Hover-style gap closure build files */
		AA090900000000000000001A /* HoverableBorderedButtonStyle.swift in Sources */ = {isa = PBXBuildFile; fileRef = AA090900000000000000001B /* HoverableBorderedButtonStyle.swift */; };
		AA090900000000000000010A /* HoverableBorderedButtonStyleTests.swift in Sources */ = {isa = PBXBuildFile; fileRef = AA090900000000000000010B /* HoverableBorderedButtonStyleTests.swift */; };
		/* Plan 01.07 — Notifications production file (app target) */
		AA070700000000000000001A /* UNUserNotificationCenterProtocol.swift in Sources */ = {isa = PBXBuildFile; fileRef = AA070700000000000000001B /* UNUserNotificationCenterProtocol.swift */; };
		/* Plan 01.07 — NotificationsTests build files (test target) */
		AA070700000000000000010A /* ThresholdEngineTests.swift in Sources */ = {isa = PBXBuildFile; fileRef = AA070700000000000000010B /* ThresholdEngineTests.swift */; };
		AA070700000000000000011A /* NotificationManagerTests.swift in Sources */ = {isa = PBXBuildFile; fileRef = AA070700000000000000011B /* NotificationManagerTests.swift */; };
		/* Plan 02.01 — Claude transcript primitives (app target) */
		AA020100000000000000001A /* TranscriptOffset.swift in Sources */ = {isa = PBXBuildFile; fileRef = AA020100000000000000001B /* TranscriptOffset.swift */; };
		AA020100000000000000002A /* TranscriptRecord.swift in Sources */ = {isa = PBXBuildFile; fileRef = AA020100000000000000002B /* TranscriptRecord.swift */; };
		AA020100000000000000003A /* TranscriptReader.swift in Sources */ = {isa = PBXBuildFile; fileRef = AA020100000000000000003B /* TranscriptReader.swift */; };
		AA020100000000000000004A /* TranscriptDirectoryScanner.swift in Sources */ = {isa = PBXBuildFile; fileRef = AA020100000000000000004B /* TranscriptDirectoryScanner.swift */; };
		/* Plan 02.01 — Claude transcript tests (test target) */
		AA020100000000000000010A /* TranscriptRecordTests.swift in Sources */ = {isa = PBXBuildFile; fileRef = AA020100000000000000010B /* TranscriptRecordTests.swift */; };
		AA020100000000000000011A /* TranscriptReaderTests.swift in Sources */ = {isa = PBXBuildFile; fileRef = AA020100000000000000011B /* TranscriptReaderTests.swift */; };
		AA020100000000000000012A /* TranscriptDirectoryScannerTests.swift in Sources */ = {isa = PBXBuildFile; fileRef = AA020100000000000000012B /* TranscriptDirectoryScannerTests.swift */; };
		/* Plan 02.02 — Bundled pricing resource (app target) */
		AA020202000000000000001A /* claude-models.json in Resources */ = {isa = PBXBuildFile; fileRef = AA020202000000000000001B /* claude-models.json */; };
		/* Plan 02.02 — Pricing test fixture resource (test target) */
		AA020202000000000000002A /* pricing-test-models.json in Resources */ = {isa = PBXBuildFile; fileRef = AA020202000000000000002B /* pricing-test-models.json */; };
		/* Plan 02.02 — ClaudeModelPricing Swift source (app target) */
		AA020202000000000000003A /* ClaudeModelPricing.swift in Sources */ = {isa = PBXBuildFile; fileRef = AA020202000000000000003B /* ClaudeModelPricing.swift */; };
		/* Plan 02.02 — ClaudeModelPricingTests Swift source (test target) */
		AA020202000000000000010A /* ClaudeModelPricingTests.swift in Sources */ = {isa = PBXBuildFile; fileRef = AA020202000000000000010B /* ClaudeModelPricingTests.swift */; };
		/* Plan 02.03 — Domain + Claude OAuth sources (app target) */
		AA020300000000000000001A /* QuotaWindow.swift in Sources */ = {isa = PBXBuildFile; fileRef = AA020300000000000000001B /* QuotaWindow.swift */; };
		AA020300000000000000002A /* KeychainReader.swift in Sources */ = {isa = PBXBuildFile; fileRef = AA020300000000000000002B /* KeychainReader.swift */; };
		AA020300000000000000003A /* ClaudeCredentialLoader.swift in Sources */ = {isa = PBXBuildFile; fileRef = AA020300000000000000003B /* ClaudeCredentialLoader.swift */; };
		AA020300000000000000004A /* ClaudeOAuthResponses.swift in Sources */ = {isa = PBXBuildFile; fileRef = AA020300000000000000004B /* ClaudeOAuthResponses.swift */; };
		AA020300000000000000005A /* ClaudeOAuthClient.swift in Sources */ = {isa = PBXBuildFile; fileRef = AA020300000000000000005B /* ClaudeOAuthClient.swift */; };
		/* Plan 02.03 — Test sources (test target) */
		AA020300000000000000010A /* ClaudeCredentialLoaderTests.swift in Sources */ = {isa = PBXBuildFile; fileRef = AA020300000000000000010B /* ClaudeCredentialLoaderTests.swift */; };
		/* Plan 02.01 — FileCacheStore schema v2 tests (test target) */
		AA020100000000000000020A /* FileCacheStoreSchemaV2Tests.swift in Sources */ = {isa = PBXBuildFile; fileRef = AA020100000000000000020B /* FileCacheStoreSchemaV2Tests.swift */; };
		AA020300000000000000011A /* ClaudeOAuthResponsesTests.swift in Sources */ = {isa = PBXBuildFile; fileRef = AA020300000000000000011B /* ClaudeOAuthResponsesTests.swift */; };
		AA020300000000000000012A /* ClaudeOAuthClientTests.swift in Sources */ = {isa = PBXBuildFile; fileRef = AA020300000000000000012B /* ClaudeOAuthClientTests.swift */; };
		/* Plan 02.03 — JSON fixture resources (test target) */
		AA020300000000000000020A /* credentials-claudeAiOauth-shape.json in Resources */ = {isa = PBXBuildFile; fileRef = AA020300000000000000020B /* credentials-claudeAiOauth-shape.json */; };
		AA020300000000000000021A /* credentials-mcpOAuth-shape.json in Resources */ = {isa = PBXBuildFile; fileRef = AA020300000000000000021B /* credentials-mcpOAuth-shape.json */; };
		AA020300000000000000022A /* oauth-usage-success.json in Resources */ = {isa = PBXBuildFile; fileRef = AA020300000000000000022B /* oauth-usage-success.json */; };
		AA020300000000000000023A /* oauth-usage-partial.json in Resources */ = {isa = PBXBuildFile; fileRef = AA020300000000000000023B /* oauth-usage-partial.json */; };
		AA020300000000000000024A /* oauth-refresh-success.json in Resources */ = {isa = PBXBuildFile; fileRef = AA020300000000000000024B /* oauth-refresh-success.json */; };
		/* Plan 02.04 — ClaudeJSONLProvider + ClaudeRoots sources (app target) */
		AA020400000000000000001A /* ClaudeJSONLProvider.swift in Sources */ = {isa = PBXBuildFile; fileRef = AA020400000000000000001B /* ClaudeJSONLProvider.swift */; };
		AA020400000000000000002A /* ClaudeRoots.swift in Sources */ = {isa = PBXBuildFile; fileRef = AA020400000000000000002B /* ClaudeRoots.swift */; };
		/* Plan 02.04 — ClaudeJSONLProviderTests (test target) */
		AA020400000000000000010A /* ClaudeJSONLProviderTests.swift in Sources */ = {isa = PBXBuildFile; fileRef = AA020400000000000000010B /* ClaudeJSONLProviderTests.swift */; };
		/* Plan 02.04 — JSONL fixture resources (test target) */
		AA020400000000000000020A /* multifile-session-a.jsonl in Resources */ = {isa = PBXBuildFile; fileRef = AA020400000000000000020B /* multifile-session-a.jsonl */; };
		AA020400000000000000021A /* multifile-session-b.jsonl in Resources */ = {isa = PBXBuildFile; fileRef = AA020400000000000000021B /* multifile-session-b.jsonl */; };
		AA020400000000000000022A /* duplicate-requestids.jsonl in Resources */ = {isa = PBXBuildFile; fileRef = AA020400000000000000022B /* duplicate-requestids.jsonl */; };
		/* Plan 02.05 — NotificationStateStore + NotificationActionHandler sources (app target) */
		AA020500000000000000001A /* NotificationStateStore.swift in Sources */ = {isa = PBXBuildFile; fileRef = AA020500000000000000001B /* NotificationStateStore.swift */; };
		AA020500000000000000002A /* NotificationActionHandler.swift in Sources */ = {isa = PBXBuildFile; fileRef = AA020500000000000000002B /* NotificationActionHandler.swift */; };
		/* Plan 02.05 — Threshold FSM + StateStore + Manager + ActionHandler + Snooze test files (test target) */
		AA020500000000000000010A /* ThresholdEngineFSMTests.swift in Sources */ = {isa = PBXBuildFile; fileRef = AA020500000000000000010B /* ThresholdEngineFSMTests.swift */; };
		AA020500000000000000011A /* NotificationStateStoreTests.swift in Sources */ = {isa = PBXBuildFile; fileRef = AA020500000000000000011B /* NotificationStateStoreTests.swift */; };
		AA020500000000000000012A /* NotificationManagerCategoryTests.swift in Sources */ = {isa = PBXBuildFile; fileRef = AA020500000000000000012B /* NotificationManagerCategoryTests.swift */; };
		AA020500000000000000013A /* NotificationActionHandlerTests.swift in Sources */ = {isa = PBXBuildFile; fileRef = AA020500000000000000013B /* NotificationActionHandlerTests.swift */; };
		AA020500000000000000014A /* AggregateStoreSnoozeTests.swift in Sources */ = {isa = PBXBuildFile; fileRef = AA020500000000000000014B /* AggregateStoreSnoozeTests.swift */; };
		/* Plan 02.06 — RetryPolicy + CircuitBreaker + PowerObserver sources (app target) */
		AA020600000000000000001A /* RetryPolicy.swift in Sources */ = {isa = PBXBuildFile; fileRef = AA020600000000000000001B /* RetryPolicy.swift */; };
		AA020600000000000000002A /* CircuitBreaker.swift in Sources */ = {isa = PBXBuildFile; fileRef = AA020600000000000000002B /* CircuitBreaker.swift */; };
		AA020600000000000000003A /* PowerObserver.swift in Sources */ = {isa = PBXBuildFile; fileRef = AA020600000000000000003B /* PowerObserver.swift */; };
		/* Plan 02.06 — test files (test target) */
		AA020600000000000000010A /* RetryPolicyTests.swift in Sources */ = {isa = PBXBuildFile; fileRef = AA020600000000000000010B /* RetryPolicyTests.swift */; };
		AA020600000000000000011A /* CircuitBreakerTests.swift in Sources */ = {isa = PBXBuildFile; fileRef = AA020600000000000000011B /* CircuitBreakerTests.swift */; };
		AA020600000000000000012A /* PowerObserverTests.swift in Sources */ = {isa = PBXBuildFile; fileRef = AA020600000000000000012B /* PowerObserverTests.swift */; };
		AA020600000000000000013A /* PollSchedulerSleepWakeTests.swift in Sources */ = {isa = PBXBuildFile; fileRef = AA020600000000000000013B /* PollSchedulerSleepWakeTests.swift */; };
		AA020600000000000000014A /* ClaudeJSONLProviderCircuitBreakerTests.swift in Sources */ = {isa = PBXBuildFile; fileRef = AA020600000000000000014B /* ClaudeJSONLProviderCircuitBreakerTests.swift */; };
/* End PBXBuildFile section */

/* Begin PBXContainerItemProxy section */
		AA00000100000000000000CA /* PBXContainerItemProxy */ = {
			isa = PBXContainerItemProxy;
			containerPortal = AA00000100000000000000E0 /* Project object */;
			proxyType = 1;
			remoteGlobalIDString = AA00000100000000000000F0;
			remoteInfo = AgentsUsageBar;
		};
/* End PBXContainerItemProxy section */

/* Begin PBXFileReference section */
		AA00000100000000000000BB /* AgentsUsageBar.app */ = {isa = PBXFileReference; explicitFileType = wrapper.application; includeInIndex = 0; path = AgentsUsageBar.app; sourceTree = BUILT_PRODUCTS_DIR; };
		AA000001000000000000001B /* AgentsUsageBarApp.swift */ = {isa = PBXFileReference; lastKnownFileType = sourcecode.swift; path = AgentsUsageBarApp.swift; sourceTree = "<group>"; };
		AA000001000000000000002B /* AppDependencies.swift */ = {isa = PBXFileReference; lastKnownFileType = sourcecode.swift; path = AppDependencies.swift; sourceTree = "<group>"; };
		AA080800000000000000001B /* AppEnvironment.swift */ = {isa = PBXFileReference; lastKnownFileType = sourcecode.swift; path = AppEnvironment.swift; sourceTree = "<group>"; };
		AA000001000000000000003B /* AggregateStore.swift */ = {isa = PBXFileReference; lastKnownFileType = sourcecode.swift; path = AggregateStore.swift; sourceTree = "<group>"; };
		AA000001000000000000004B /* ProviderID.swift */ = {isa = PBXFileReference; lastKnownFileType = sourcecode.swift; path = ProviderID.swift; sourceTree = "<group>"; };
		AA000001000000000000005B /* ProviderState.swift */ = {isa = PBXFileReference; lastKnownFileType = sourcecode.swift; path = ProviderState.swift; sourceTree = "<group>"; };
		AA000001000000000000006B /* PopoverRootView.swift */ = {isa = PBXFileReference; lastKnownFileType = sourcecode.swift; path = PopoverRootView.swift; sourceTree = "<group>"; };
		AA000001000000000000007B /* ProviderRowView.swift */ = {isa = PBXFileReference; lastKnownFileType = sourcecode.swift; path = ProviderRowView.swift; sourceTree = "<group>"; };
		AA000001000000000000008B /* FooterView.swift */ = {isa = PBXFileReference; lastKnownFileType = sourcecode.swift; path = FooterView.swift; sourceTree = "<group>"; };
		AA000001000000000000009B /* Assets.xcassets */ = {isa = PBXFileReference; lastKnownFileType = folder.assetcatalog; path = Assets.xcassets; sourceTree = "<group>"; };
		AA0000010000000000000091 /* Info.plist */ = {isa = PBXFileReference; lastKnownFileType = text.plist.xml; path = Info.plist; sourceTree = "<group>"; };
		AA0000010000000000000092 /* Entitlements.plist */ = {isa = PBXFileReference; lastKnownFileType = text.plist.xml; path = Entitlements.plist; sourceTree = "<group>"; };
		AA00000100000000000000AB /* AgentsUsageBarTests.swift */ = {isa = PBXFileReference; lastKnownFileType = sourcecode.swift; path = AgentsUsageBarTests.swift; sourceTree = "<group>"; };
		AA00000100000000000000DB /* AgentsUsageBarTests.xctest */ = {isa = PBXFileReference; explicitFileType = wrapper.cfbundle; includeInIndex = 0; path = AgentsUsageBarTests.xctest; sourceTree = BUILT_PRODUCTS_DIR; };
		/* Plan 01.02 — Domain file references */
		AA020200000000000000001B /* UsageSnapshot.swift */ = {isa = PBXFileReference; lastKnownFileType = sourcecode.swift; path = UsageSnapshot.swift; sourceTree = "<group>"; };
		AA020200000000000000002B /* DailyTotals.swift */ = {isa = PBXFileReference; lastKnownFileType = sourcecode.swift; path = DailyTotals.swift; sourceTree = "<group>"; };
		AA020200000000000000003B /* Quota.swift */ = {isa = PBXFileReference; lastKnownFileType = sourcecode.swift; path = Quota.swift; sourceTree = "<group>"; };
		AA020200000000000000004B /* ProviderStatus.swift */ = {isa = PBXFileReference; lastKnownFileType = sourcecode.swift; path = ProviderStatus.swift; sourceTree = "<group>"; };
		AA020200000000000000005B /* ProviderError.swift */ = {isa = PBXFileReference; lastKnownFileType = sourcecode.swift; path = ProviderError.swift; sourceTree = "<group>"; };
		AA020200000000000000006B /* ProviderCapabilities.swift */ = {isa = PBXFileReference; lastKnownFileType = sourcecode.swift; path = ProviderCapabilities.swift; sourceTree = "<group>"; };
		AA020200000000000000007B /* ThresholdState.swift */ = {isa = PBXFileReference; lastKnownFileType = sourcecode.swift; path = ThresholdState.swift; sourceTree = "<group>"; };
		AA020200000000000000008B /* NotificationDecision.swift */ = {isa = PBXFileReference; lastKnownFileType = sourcecode.swift; path = NotificationDecision.swift; sourceTree = "<group>"; };
		AA020200000000000000009B /* RefreshInterval.swift */ = {isa = PBXFileReference; lastKnownFileType = sourcecode.swift; path = RefreshInterval.swift; sourceTree = "<group>"; };
		AA02020000000000000000AB /* Secret.swift */ = {isa = PBXFileReference; lastKnownFileType = sourcecode.swift; path = Secret.swift; sourceTree = "<group>"; };
		AA02020000000000000000BB /* TodayHelper.swift */ = {isa = PBXFileReference; lastKnownFileType = sourcecode.swift; path = TodayHelper.swift; sourceTree = "<group>"; };
		/* Plan 01.02 — Infrastructure file references */
		AA020200000000000000010B /* HTTPClient.swift */ = {isa = PBXFileReference; lastKnownFileType = sourcecode.swift; path = HTTPClient.swift; sourceTree = "<group>"; };
		AA020200000000000000011B /* URLSessionHTTPClient.swift */ = {isa = PBXFileReference; lastKnownFileType = sourcecode.swift; path = URLSessionHTTPClient.swift; sourceTree = "<group>"; };
		AA020200000000000000012B /* Clock.swift */ = {isa = PBXFileReference; lastKnownFileType = sourcecode.swift; path = Clock.swift; sourceTree = "<group>"; };
		AA020200000000000000013B /* CacheStore.swift */ = {isa = PBXFileReference; lastKnownFileType = sourcecode.swift; path = CacheStore.swift; sourceTree = "<group>"; };
		AA020200000000000000014B /* FileCacheStore.swift */ = {isa = PBXFileReference; lastKnownFileType = sourcecode.swift; path = FileCacheStore.swift; sourceTree = "<group>"; };
		AA020200000000000000015B /* AppLogger.swift */ = {isa = PBXFileReference; lastKnownFileType = sourcecode.swift; path = AppLogger.swift; sourceTree = "<group>"; };
		/* Plan 01.02 — Test file references */
		AA020200000000000000020B /* SecretTests.swift */ = {isa = PBXFileReference; lastKnownFileType = sourcecode.swift; path = SecretTests.swift; sourceTree = "<group>"; };
		AA020200000000000000021B /* TodayHelperTests.swift */ = {isa = PBXFileReference; lastKnownFileType = sourcecode.swift; path = TodayHelperTests.swift; sourceTree = "<group>"; };
		AA020200000000000000022B /* QuotaTests.swift */ = {isa = PBXFileReference; lastKnownFileType = sourcecode.swift; path = QuotaTests.swift; sourceTree = "<group>"; };
		AA020200000000000000023B /* ThresholdStateTests.swift */ = {isa = PBXFileReference; lastKnownFileType = sourcecode.swift; path = ThresholdStateTests.swift; sourceTree = "<group>"; };
		AA020200000000000000024B /* FileCacheStoreTests.swift */ = {isa = PBXFileReference; lastKnownFileType = sourcecode.swift; path = FileCacheStoreTests.swift; sourceTree = "<group>"; };
		AA020200000000000000025B /* URLSessionHTTPClientTests.swift */ = {isa = PBXFileReference; lastKnownFileType = sourcecode.swift; path = URLSessionHTTPClientTests.swift; sourceTree = "<group>"; };
		/* Plan 01.03 — Config file references */
		AA030300000000000000001B /* AppConfig.swift */ = {isa = PBXFileReference; lastKnownFileType = sourcecode.swift; path = AppConfig.swift; sourceTree = "<group>"; };
		AA030300000000000000002B /* EnvReader.swift */ = {isa = PBXFileReference; lastKnownFileType = sourcecode.swift; path = EnvReader.swift; sourceTree = "<group>"; };
		AA030300000000000000003B /* TomlReader.swift */ = {isa = PBXFileReference; lastKnownFileType = sourcecode.swift; path = TomlReader.swift; sourceTree = "<group>"; };
		AA030300000000000000004B /* ConfigStore.swift */ = {isa = PBXFileReference; lastKnownFileType = sourcecode.swift; path = ConfigStore.swift; sourceTree = "<group>"; };
		/* Plan 01.03 — Config test file references */
		AA030300000000000000010B /* TomlReaderTests.swift */ = {isa = PBXFileReference; lastKnownFileType = sourcecode.swift; path = TomlReaderTests.swift; sourceTree = "<group>"; };
		AA030300000000000000011B /* ConfigStoreTests.swift */ = {isa = PBXFileReference; lastKnownFileType = sourcecode.swift; path = ConfigStoreTests.swift; sourceTree = "<group>"; };
		/* Plan 01.03 — TOML fixture file references */
		AA030300000000000000020B /* valid.toml */ = {isa = PBXFileReference; lastKnownFileType = text; path = "valid.toml"; sourceTree = "<group>"; };
		AA030300000000000000021B /* malformed.toml */ = {isa = PBXFileReference; lastKnownFileType = text; path = "malformed.toml"; sourceTree = "<group>"; };
		AA030300000000000000022B /* empty.toml */ = {isa = PBXFileReference; lastKnownFileType = text; path = "empty.toml"; sourceTree = "<group>"; };
		AA030300000000000000023B /* comments-only.toml */ = {isa = PBXFileReference; lastKnownFileType = text; path = "comments-only.toml"; sourceTree = "<group>"; };
		/* Plan 01.04 — Provider protocol + OpenRouter implementation file references */
		AA040400000000000000001B /* UsageProvider.swift */ = {isa = PBXFileReference; lastKnownFileType = sourcecode.swift; path = UsageProvider.swift; sourceTree = "<group>"; };
		AA040400000000000000002B /* OpenRouterEndpoint.swift */ = {isa = PBXFileReference; lastKnownFileType = sourcecode.swift; path = OpenRouterEndpoint.swift; sourceTree = "<group>"; };
		AA040400000000000000003B /* OpenRouterResponses.swift */ = {isa = PBXFileReference; lastKnownFileType = sourcecode.swift; path = OpenRouterResponses.swift; sourceTree = "<group>"; };
		AA040400000000000000004B /* OpenRouterClient.swift */ = {isa = PBXFileReference; lastKnownFileType = sourcecode.swift; path = OpenRouterClient.swift; sourceTree = "<group>"; };
		AA040400000000000000005B /* OpenRouterProvider.swift */ = {isa = PBXFileReference; lastKnownFileType = sourcecode.swift; path = OpenRouterProvider.swift; sourceTree = "<group>"; };
		/* Plan 01.04 — Test file references */
		AA040400000000000000010B /* ResponseDecodingTests.swift */ = {isa = PBXFileReference; lastKnownFileType = sourcecode.swift; path = ResponseDecodingTests.swift; sourceTree = "<group>"; };
		AA040400000000000000011B /* OpenRouterProviderTests.swift */ = {isa = PBXFileReference; lastKnownFileType = sourcecode.swift; path = OpenRouterProviderTests.swift; sourceTree = "<group>"; };
		AA040400000000000000012B /* BaselineDeltaTests.swift */ = {isa = PBXFileReference; lastKnownFileType = sourcecode.swift; path = BaselineDeltaTests.swift; sourceTree = "<group>"; };
		/* Plan 01.04 — JSON fixture file references */
		AA040400000000000000020B /* credits.success.json */ = {isa = PBXFileReference; lastKnownFileType = text.json; path = "credits.success.json"; sourceTree = "<group>"; };
		AA040400000000000000021B /* credits.unauthorized.json */ = {isa = PBXFileReference; lastKnownFileType = text.json; path = "credits.unauthorized.json"; sourceTree = "<group>"; };
		AA040400000000000000022B /* key.with_limit.json */ = {isa = PBXFileReference; lastKnownFileType = text.json; path = "key.with_limit.json"; sourceTree = "<group>"; };
		AA040400000000000000023B /* key.no_limit.json */ = {isa = PBXFileReference; lastKnownFileType = text.json; path = "key.no_limit.json"; sourceTree = "<group>"; };
		/* Plan 01.05 — NoopCacheStore file reference */
		AA050500000000000000004B /* NoopCacheStore.swift */ = {isa = PBXFileReference; lastKnownFileType = sourcecode.swift; path = NoopCacheStore.swift; sourceTree = "<group>"; };
		/* Plan 01.05 — Aggregation + Notifications file references */
		AA050500000000000000001B /* PollScheduler.swift */ = {isa = PBXFileReference; lastKnownFileType = sourcecode.swift; path = PollScheduler.swift; sourceTree = "<group>"; };
		AA050500000000000000002B /* ThresholdEngine.swift */ = {isa = PBXFileReference; lastKnownFileType = sourcecode.swift; path = ThresholdEngine.swift; sourceTree = "<group>"; };
		AA050500000000000000003B /* NotificationManager.swift */ = {isa = PBXFileReference; lastKnownFileType = sourcecode.swift; path = NotificationManager.swift; sourceTree = "<group>"; };
		/* Plan 01.05 — Test file references */
		AA050500000000000000010B /* AggregateStoreTests.swift */ = {isa = PBXFileReference; lastKnownFileType = sourcecode.swift; path = AggregateStoreTests.swift; sourceTree = "<group>"; };
		AA050500000000000000011B /* PollSchedulerTests.swift */ = {isa = PBXFileReference; lastKnownFileType = sourcecode.swift; path = PollSchedulerTests.swift; sourceTree = "<group>"; };
		/* Plan 01.06 — UI Environment + Components source file references */
		AA060600000000000000001B /* ClockEnvironmentKey.swift */ = {isa = PBXFileReference; lastKnownFileType = sourcecode.swift; path = ClockEnvironmentKey.swift; sourceTree = "<group>"; };
		AA060600000000000000002B /* QuotaBar.swift */ = {isa = PBXFileReference; lastKnownFileType = sourcecode.swift; path = QuotaBar.swift; sourceTree = "<group>"; };
		AA060600000000000000003B /* StatusDot.swift */ = {isa = PBXFileReference; lastKnownFileType = sourcecode.swift; path = StatusDot.swift; sourceTree = "<group>"; };
		AA060600000000000000004B /* RelativeTimestampLabel.swift */ = {isa = PBXFileReference; lastKnownFileType = sourcecode.swift; path = RelativeTimestampLabel.swift; sourceTree = "<group>"; };
		AA060600000000000000005B /* TotalsHeaderView.swift */ = {isa = PBXFileReference; lastKnownFileType = sourcecode.swift; path = TotalsHeaderView.swift; sourceTree = "<group>"; };
		/* Plan 01.06 — UITests test file references */
		AA060600000000000000010B /* QuotaBarTests.swift */ = {isa = PBXFileReference; lastKnownFileType = sourcecode.swift; path = QuotaBarTests.swift; sourceTree = "<group>"; };
		AA060600000000000000011B /* RelativeTimestampLabelTests.swift */ = {isa = PBXFileReference; lastKnownFileType = sourcecode.swift; path = RelativeTimestampLabelTests.swift; sourceTree = "<group>"; };
		AA060600000000000000012B /* FooterViewTests.swift */ = {isa = PBXFileReference; lastKnownFileType = sourcecode.swift; path = FooterViewTests.swift; sourceTree = "<group>"; };
		/* Plan 01.09 — Hover-style gap closure file references */
		AA090900000000000000001B /* HoverableBorderedButtonStyle.swift */ = {isa = PBXFileReference; lastKnownFileType = sourcecode.swift; path = HoverableBorderedButtonStyle.swift; sourceTree = "<group>"; };
		AA090900000000000000010B /* HoverableBorderedButtonStyleTests.swift */ = {isa = PBXFileReference; lastKnownFileType = sourcecode.swift; path = HoverableBorderedButtonStyleTests.swift; sourceTree = "<group>"; };
		/* Plan 01.07 — Notifications production file reference */
		AA070700000000000000001B /* UNUserNotificationCenterProtocol.swift */ = {isa = PBXFileReference; lastKnownFileType = sourcecode.swift; path = UNUserNotificationCenterProtocol.swift; sourceTree = "<group>"; };
		/* Plan 01.07 — NotificationsTests file references */
		AA070700000000000000010B /* ThresholdEngineTests.swift */ = {isa = PBXFileReference; lastKnownFileType = sourcecode.swift; path = ThresholdEngineTests.swift; sourceTree = "<group>"; };
		AA070700000000000000011B /* NotificationManagerTests.swift */ = {isa = PBXFileReference; lastKnownFileType = sourcecode.swift; path = NotificationManagerTests.swift; sourceTree = "<group>"; };
		/* Plan 02.01 — Claude transcript file references */
		AA020100000000000000001B /* TranscriptOffset.swift */ = {isa = PBXFileReference; lastKnownFileType = sourcecode.swift; path = TranscriptOffset.swift; sourceTree = "<group>"; };
		AA020100000000000000002B /* TranscriptRecord.swift */ = {isa = PBXFileReference; lastKnownFileType = sourcecode.swift; path = TranscriptRecord.swift; sourceTree = "<group>"; };
		AA020100000000000000003B /* TranscriptReader.swift */ = {isa = PBXFileReference; lastKnownFileType = sourcecode.swift; path = TranscriptReader.swift; sourceTree = "<group>"; };
		AA020100000000000000004B /* TranscriptDirectoryScanner.swift */ = {isa = PBXFileReference; lastKnownFileType = sourcecode.swift; path = TranscriptDirectoryScanner.swift; sourceTree = "<group>"; };
		AA020100000000000000010B /* TranscriptRecordTests.swift */ = {isa = PBXFileReference; lastKnownFileType = sourcecode.swift; path = TranscriptRecordTests.swift; sourceTree = "<group>"; };
		AA020100000000000000011B /* TranscriptReaderTests.swift */ = {isa = PBXFileReference; lastKnownFileType = sourcecode.swift; path = TranscriptReaderTests.swift; sourceTree = "<group>"; };
		AA020100000000000000012B /* TranscriptDirectoryScannerTests.swift */ = {isa = PBXFileReference; lastKnownFileType = sourcecode.swift; path = TranscriptDirectoryScannerTests.swift; sourceTree = "<group>"; };
		/* Plan 02.02 — Bundled pricing JSON file references */
		AA020202000000000000001B /* claude-models.json */ = {isa = PBXFileReference; lastKnownFileType = text.json; path = "claude-models.json"; sourceTree = "<group>"; };
		AA020202000000000000002B /* pricing-test-models.json */ = {isa = PBXFileReference; lastKnownFileType = text.json; path = "pricing-test-models.json"; sourceTree = "<group>"; };
		AA020202000000000000003B /* ClaudeModelPricing.swift */ = {isa = PBXFileReference; lastKnownFileType = sourcecode.swift; path = ClaudeModelPricing.swift; sourceTree = "<group>"; };
		AA020202000000000000010B /* ClaudeModelPricingTests.swift */ = {isa = PBXFileReference; lastKnownFileType = sourcecode.swift; path = ClaudeModelPricingTests.swift; sourceTree = "<group>"; };
		/* Plan 02.03 — Domain + Claude OAuth file references (files present on disk) */
		AA020300000000000000001B /* QuotaWindow.swift */ = {isa = PBXFileReference; lastKnownFileType = sourcecode.swift; path = QuotaWindow.swift; sourceTree = "<group>"; };
		AA020300000000000000002B /* KeychainReader.swift */ = {isa = PBXFileReference; lastKnownFileType = sourcecode.swift; path = KeychainReader.swift; sourceTree = "<group>"; };
		AA020300000000000000003B /* ClaudeCredentialLoader.swift */ = {isa = PBXFileReference; lastKnownFileType = sourcecode.swift; path = ClaudeCredentialLoader.swift; sourceTree = "<group>"; };
		AA020300000000000000004B /* ClaudeOAuthResponses.swift */ = {isa = PBXFileReference; lastKnownFileType = sourcecode.swift; path = ClaudeOAuthResponses.swift; sourceTree = "<group>"; };
		AA020300000000000000005B /* ClaudeOAuthClient.swift */ = {isa = PBXFileReference; lastKnownFileType = sourcecode.swift; path = ClaudeOAuthClient.swift; sourceTree = "<group>"; };
		AA020300000000000000010B /* ClaudeCredentialLoaderTests.swift */ = {isa = PBXFileReference; lastKnownFileType = sourcecode.swift; path = ClaudeCredentialLoaderTests.swift; sourceTree = "<group>"; };
		AA020300000000000000011B /* ClaudeOAuthResponsesTests.swift */ = {isa = PBXFileReference; lastKnownFileType = sourcecode.swift; path = ClaudeOAuthResponsesTests.swift; sourceTree = "<group>"; };
		AA020300000000000000012B /* ClaudeOAuthClientTests.swift */ = {isa = PBXFileReference; lastKnownFileType = sourcecode.swift; path = ClaudeOAuthClientTests.swift; sourceTree = "<group>"; };
		/* Plan 02.01 — FileCacheStore schema v2 test file reference */
		AA020100000000000000020B /* FileCacheStoreSchemaV2Tests.swift */ = {isa = PBXFileReference; lastKnownFileType = sourcecode.swift; path = FileCacheStoreSchemaV2Tests.swift; sourceTree = "<group>"; };
		AA020300000000000000020B /* credentials-claudeAiOauth-shape.json */ = {isa = PBXFileReference; lastKnownFileType = text.json; path = "credentials-claudeAiOauth-shape.json"; sourceTree = "<group>"; };
		AA020300000000000000021B /* credentials-mcpOAuth-shape.json */ = {isa = PBXFileReference; lastKnownFileType = text.json; path = "credentials-mcpOAuth-shape.json"; sourceTree = "<group>"; };
		AA020300000000000000022B /* oauth-usage-success.json */ = {isa = PBXFileReference; lastKnownFileType = text.json; path = "oauth-usage-success.json"; sourceTree = "<group>"; };
		AA020300000000000000023B /* oauth-usage-partial.json */ = {isa = PBXFileReference; lastKnownFileType = text.json; path = "oauth-usage-partial.json"; sourceTree = "<group>"; };
		AA020300000000000000024B /* oauth-refresh-success.json */ = {isa = PBXFileReference; lastKnownFileType = text.json; path = "oauth-refresh-success.json"; sourceTree = "<group>"; };
		/* Plan 02.04 — ClaudeJSONLProvider source file references */
		AA020400000000000000001B /* ClaudeJSONLProvider.swift */ = {isa = PBXFileReference; lastKnownFileType = sourcecode.swift; path = ClaudeJSONLProvider.swift; sourceTree = "<group>"; };
		AA020400000000000000002B /* ClaudeRoots.swift */ = {isa = PBXFileReference; lastKnownFileType = sourcecode.swift; path = ClaudeRoots.swift; sourceTree = "<group>"; };
		/* Plan 02.04 — ClaudeJSONLProviderTests test file reference */
		AA020400000000000000010B /* ClaudeJSONLProviderTests.swift */ = {isa = PBXFileReference; lastKnownFileType = sourcecode.swift; path = ClaudeJSONLProviderTests.swift; sourceTree = "<group>"; };
		/* Plan 02.04 — JSONL fixture file references */
		AA020400000000000000020B /* multifile-session-a.jsonl */ = {isa = PBXFileReference; lastKnownFileType = text; path = "multifile-session-a.jsonl"; sourceTree = "<group>"; };
		AA020400000000000000021B /* multifile-session-b.jsonl */ = {isa = PBXFileReference; lastKnownFileType = text; path = "multifile-session-b.jsonl"; sourceTree = "<group>"; };
		AA020400000000000000022B /* duplicate-requestids.jsonl */ = {isa = PBXFileReference; lastKnownFileType = text; path = "duplicate-requestids.jsonl"; sourceTree = "<group>"; };
		/* Plan 02.05 — Notifications source file references */
		AA020500000000000000001B /* NotificationStateStore.swift */ = {isa = PBXFileReference; lastKnownFileType = sourcecode.swift; path = NotificationStateStore.swift; sourceTree = "<group>"; };
		AA020500000000000000002B /* NotificationActionHandler.swift */ = {isa = PBXFileReference; lastKnownFileType = sourcecode.swift; path = NotificationActionHandler.swift; sourceTree = "<group>"; };
		/* Plan 02.05 — test file references */
		AA020500000000000000010B /* ThresholdEngineFSMTests.swift */ = {isa = PBXFileReference; lastKnownFileType = sourcecode.swift; path = ThresholdEngineFSMTests.swift; sourceTree = "<group>"; };
		AA020500000000000000011B /* NotificationStateStoreTests.swift */ = {isa = PBXFileReference; lastKnownFileType = sourcecode.swift; path = NotificationStateStoreTests.swift; sourceTree = "<group>"; };
		AA020500000000000000012B /* NotificationManagerCategoryTests.swift */ = {isa = PBXFileReference; lastKnownFileType = sourcecode.swift; path = NotificationManagerCategoryTests.swift; sourceTree = "<group>"; };
		AA020500000000000000013B /* NotificationActionHandlerTests.swift */ = {isa = PBXFileReference; lastKnownFileType = sourcecode.swift; path = NotificationActionHandlerTests.swift; sourceTree = "<group>"; };
		AA020500000000000000014B /* AggregateStoreSnoozeTests.swift */ = {isa = PBXFileReference; lastKnownFileType = sourcecode.swift; path = AggregateStoreSnoozeTests.swift; sourceTree = "<group>"; };
		/* Plan 02.06 — Infrastructure source file references */
		AA020600000000000000001B /* RetryPolicy.swift */ = {isa = PBXFileReference; lastKnownFileType = sourcecode.swift; path = RetryPolicy.swift; sourceTree = "<group>"; };
		AA020600000000000000002B /* CircuitBreaker.swift */ = {isa = PBXFileReference; lastKnownFileType = sourcecode.swift; path = CircuitBreaker.swift; sourceTree = "<group>"; };
		AA020600000000000000003B /* PowerObserver.swift */ = {isa = PBXFileReference; lastKnownFileType = sourcecode.swift; path = PowerObserver.swift; sourceTree = "<group>"; };
		/* Plan 02.06 — test file references */
		AA020600000000000000010B /* RetryPolicyTests.swift */ = {isa = PBXFileReference; lastKnownFileType = sourcecode.swift; path = RetryPolicyTests.swift; sourceTree = "<group>"; };
		AA020600000000000000011B /* CircuitBreakerTests.swift */ = {isa = PBXFileReference; lastKnownFileType = sourcecode.swift; path = CircuitBreakerTests.swift; sourceTree = "<group>"; };
		AA020600000000000000012B /* PowerObserverTests.swift */ = {isa = PBXFileReference; lastKnownFileType = sourcecode.swift; path = PowerObserverTests.swift; sourceTree = "<group>"; };
		AA020600000000000000013B /* PollSchedulerSleepWakeTests.swift */ = {isa = PBXFileReference; lastKnownFileType = sourcecode.swift; path = PollSchedulerSleepWakeTests.swift; sourceTree = "<group>"; };
		AA020600000000000000014B /* ClaudeJSONLProviderCircuitBreakerTests.swift */ = {isa = PBXFileReference; lastKnownFileType = sourcecode.swift; path = ClaudeJSONLProviderCircuitBreakerTests.swift; sourceTree = "<group>"; };
/* End PBXFileReference section */

/* Begin PBXFrameworksBuildPhase section */
		AA00000100000000000000F1 /* Frameworks */ = {
			isa = PBXFrameworksBuildPhase;
			buildActionMask = 2147483647;
			files = (
			);
			runOnlyForDeploymentPostprocessing = 0;
		};
		AA00000100000000000000F2 /* Frameworks */ = {
			isa = PBXFrameworksBuildPhase;
			buildActionMask = 2147483647;
			files = (
				AA00000100000000000000BA /* AgentsUsageBar.app in Frameworks */,
			);
			runOnlyForDeploymentPostprocessing = 0;
		};
/* End PBXFrameworksBuildPhase section */

/* Begin PBXGroup section */
		AA00000100000000000000D0 /* Products */ = {
			isa = PBXGroup;
			children = (
				AA00000100000000000000BB /* AgentsUsageBar.app */,
				AA00000100000000000000DB /* AgentsUsageBarTests.xctest */,
			);
			name = Products;
			sourceTree = "<group>";
		};
		AA00000100000000000000D1 /* AgentsUsageBar */ = {
			isa = PBXGroup;
			children = (
				AA00000100000000000000D2 /* App */,
				AA00000100000000000000D3 /* Domain */,
				AA00000100000000000000D4 /* Aggregation */,
				AA00000100000000000000D5 /* UI */,
				AA00000100000000000000D6 /* Resources */,
				AA020200000000000000030B /* Infrastructure */,
				AA030300000000000000030B /* Config */,
				AA040400000000000000030B /* Providers */,
				AA050500000000000000030B /* Notifications */,
			);
			path = AgentsUsageBar;
			sourceTree = "<group>";
		};
		AA00000100000000000000D2 /* App */ = {
			isa = PBXGroup;
			children = (
				AA000001000000000000001B /* AgentsUsageBarApp.swift */,
				AA000001000000000000002B /* AppDependencies.swift */,
				AA080800000000000000001B /* AppEnvironment.swift */,
			);
			path = App;
			sourceTree = "<group>";
		};
		AA00000100000000000000D3 /* Domain */ = {
			isa = PBXGroup;
			children = (
				AA000001000000000000004B /* ProviderID.swift */,
				AA000001000000000000005B /* ProviderState.swift */,
				AA020200000000000000001B /* UsageSnapshot.swift */,
				AA020200000000000000002B /* DailyTotals.swift */,
				AA020200000000000000003B /* Quota.swift */,
				AA020200000000000000004B /* ProviderStatus.swift */,
				AA020200000000000000005B /* ProviderError.swift */,
				AA020200000000000000006B /* ProviderCapabilities.swift */,
				AA020200000000000000007B /* ThresholdState.swift */,
				AA020200000000000000008B /* NotificationDecision.swift */,
				AA020200000000000000009B /* RefreshInterval.swift */,
				AA02020000000000000000AB /* Secret.swift */,
				AA02020000000000000000BB /* TodayHelper.swift */,
				AA020100000000000000001B /* TranscriptOffset.swift */,
				AA020300000000000000001B /* QuotaWindow.swift */,
			);
			path = Domain;
			sourceTree = "<group>";
		};
		AA020200000000000000030B /* Infrastructure */ = {
			isa = PBXGroup;
			children = (
				AA020200000000000000010B /* HTTPClient.swift */,
				AA020200000000000000011B /* URLSessionHTTPClient.swift */,
				AA020200000000000000012B /* Clock.swift */,
				AA020200000000000000013B /* CacheStore.swift */,
				AA020200000000000000014B /* FileCacheStore.swift */,
				AA020200000000000000015B /* AppLogger.swift */,
				AA050500000000000000004B /* NoopCacheStore.swift */,
				/* Plan 02.06 — Resilience + energy primitives */
				AA020600000000000000001B /* RetryPolicy.swift */,
				AA020600000000000000002B /* CircuitBreaker.swift */,
				AA020600000000000000003B /* PowerObserver.swift */,
			);
			path = Infrastructure;
			sourceTree = "<group>";
		};
		AA020200000000000000031B /* DomainTests */ = {
			isa = PBXGroup;
			children = (
				AA020200000000000000020B /* SecretTests.swift */,
				AA020200000000000000021B /* TodayHelperTests.swift */,
				AA020200000000000000022B /* QuotaTests.swift */,
				AA020200000000000000023B /* ThresholdStateTests.swift */,
			);
			path = DomainTests;
			sourceTree = "<group>";
		};
		AA020200000000000000032B /* InfrastructureTests */ = {
			isa = PBXGroup;
			children = (
				AA020200000000000000024B /* FileCacheStoreTests.swift */,
				AA020200000000000000025B /* URLSessionHTTPClientTests.swift */,
				AA020100000000000000020B /* FileCacheStoreSchemaV2Tests.swift */,
				/* Plan 02.06 — RetryPolicy + CircuitBreaker tests */
				AA020600000000000000010B /* RetryPolicyTests.swift */,
				AA020600000000000000011B /* CircuitBreakerTests.swift */,
				AA020600000000000000012B /* PowerObserverTests.swift */,
			);
			path = InfrastructureTests;
			sourceTree = "<group>";
		};
		/* Plan 01.04 — Providers source group */
		AA040400000000000000030B /* Providers */ = {
			isa = PBXGroup;
			children = (
				AA040400000000000000001B /* UsageProvider.swift */,
				AA040400000000000000031B /* OpenRouter */,
				AA020100000000000000050B /* Claude */,
			);
			path = Providers;
			sourceTree = "<group>";
		};
		/* Plan 02.01 — Claude provider subgroup */
		AA020100000000000000050B /* Claude */ = {
			isa = PBXGroup;
			children = (
				AA020100000000000000002B /* TranscriptRecord.swift */,
				AA020100000000000000003B /* TranscriptReader.swift */,
				AA020100000000000000004B /* TranscriptDirectoryScanner.swift */,
				AA020202000000000000003B /* ClaudeModelPricing.swift */,
				AA020300000000000000002B /* KeychainReader.swift */,
				AA020300000000000000003B /* ClaudeCredentialLoader.swift */,
				AA020300000000000000004B /* ClaudeOAuthResponses.swift */,
				AA020300000000000000005B /* ClaudeOAuthClient.swift */,
				AA020400000000000000002B /* ClaudeRoots.swift */,
				AA020400000000000000001B /* ClaudeJSONLProvider.swift */,
			);
			path = Claude;
			sourceTree = "<group>";
		};
		/* Plan 01.04 — OpenRouter subgroup */
		AA040400000000000000031B /* OpenRouter */ = {
			isa = PBXGroup;
			children = (
				AA040400000000000000002B /* OpenRouterEndpoint.swift */,
				AA040400000000000000003B /* OpenRouterResponses.swift */,
				AA040400000000000000004B /* OpenRouterClient.swift */,
				AA040400000000000000005B /* OpenRouterProvider.swift */,
			);
			path = OpenRouter;
			sourceTree = "<group>";
		};
		/* Plan 01.04 — ProvidersOpenRouterTests group */
		AA040400000000000000032B /* ProvidersOpenRouterTests */ = {
			isa = PBXGroup;
			children = (
				AA040400000000000000010B /* ResponseDecodingTests.swift */,
				AA040400000000000000011B /* OpenRouterProviderTests.swift */,
				AA040400000000000000012B /* BaselineDeltaTests.swift */,
				AA040400000000000000033B /* Fixtures */,
			);
			path = ProvidersOpenRouterTests;
			sourceTree = "<group>";
		};
		/* Plan 01.04 — JSON Fixtures subgroup */
		AA040400000000000000033B /* Fixtures */ = {
			isa = PBXGroup;
			children = (
				AA040400000000000000020B /* credits.success.json */,
				AA040400000000000000021B /* credits.unauthorized.json */,
				AA040400000000000000022B /* key.with_limit.json */,
				AA040400000000000000023B /* key.no_limit.json */,
			);
			path = Fixtures;
			sourceTree = "<group>";
		};
		/* Plan 01.03 — Config source group */
		AA030300000000000000030B /* Config */ = {
			isa = PBXGroup;
			children = (
				AA030300000000000000001B /* AppConfig.swift */,
				AA030300000000000000002B /* EnvReader.swift */,
				AA030300000000000000003B /* TomlReader.swift */,
				AA030300000000000000004B /* ConfigStore.swift */,
			);
			path = Config;
			sourceTree = "<group>";
		};
		/* Plan 01.03 — ConfigTests group */
		AA030300000000000000031B /* ConfigTests */ = {
			isa = PBXGroup;
			children = (
				AA030300000000000000010B /* TomlReaderTests.swift */,
				AA030300000000000000011B /* ConfigStoreTests.swift */,
				AA030300000000000000032B /* Fixtures */,
			);
			path = ConfigTests;
			sourceTree = "<group>";
		};
		/* Plan 01.03 — Fixtures subgroup */
		AA030300000000000000032B /* Fixtures */ = {
			isa = PBXGroup;
			children = (
				AA030300000000000000020B /* valid.toml */,
				AA030300000000000000021B /* malformed.toml */,
				AA030300000000000000022B /* empty.toml */,
				AA030300000000000000023B /* comments-only.toml */,
			);
			path = Fixtures;
			sourceTree = "<group>";
		};
		AA00000100000000000000D4 /* Aggregation */ = {
			isa = PBXGroup;
			children = (
				AA000001000000000000003B /* AggregateStore.swift */,
				AA050500000000000000001B /* PollScheduler.swift */,
			);
			path = Aggregation;
			sourceTree = "<group>";
		};
		/* Plan 01.05 — Notifications source group */
		AA050500000000000000030B /* Notifications */ = {
			isa = PBXGroup;
			children = (
				AA050500000000000000002B /* ThresholdEngine.swift */,
				AA050500000000000000003B /* NotificationManager.swift */,
				AA070700000000000000001B /* UNUserNotificationCenterProtocol.swift */,
				AA020500000000000000001B /* NotificationStateStore.swift */,
				AA020500000000000000002B /* NotificationActionHandler.swift */,
			);
			path = Notifications;
			sourceTree = "<group>";
		};
		/* Plan 01.05 — AggregationTests group */
		AA050500000000000000031B /* AggregationTests */ = {
			isa = PBXGroup;
			children = (
				AA050500000000000000010B /* AggregateStoreTests.swift */,
				AA050500000000000000011B /* PollSchedulerTests.swift */,
				AA020500000000000000014B /* AggregateStoreSnoozeTests.swift */,
				/* Plan 02.06 — sleep/wake integration tests */
				AA020600000000000000013B /* PollSchedulerSleepWakeTests.swift */,
			);
			path = AggregationTests;
			sourceTree = "<group>";
		};
		AA00000100000000000000D5 /* UI */ = {
			isa = PBXGroup;
			children = (
				AA000001000000000000006B /* PopoverRootView.swift */,
				AA000001000000000000007B /* ProviderRowView.swift */,
				AA000001000000000000008B /* FooterView.swift */,
				AA060600000000000000005B /* TotalsHeaderView.swift */,
				AA060600000000000000030B /* Components */,
				AA060600000000000000031B /* Environment */,
			);
			path = UI;
			sourceTree = "<group>";
		};
		/* Plan 01.06 — UI Components subgroup */
		AA060600000000000000030B /* Components */ = {
			isa = PBXGroup;
			children = (
				AA060600000000000000002B /* QuotaBar.swift */,
				AA060600000000000000003B /* StatusDot.swift */,
				AA060600000000000000004B /* RelativeTimestampLabel.swift */,
				AA090900000000000000001B /* HoverableBorderedButtonStyle.swift */,
			);
			path = Components;
			sourceTree = "<group>";
		};
		/* Plan 01.06 — UI Environment subgroup */
		AA060600000000000000031B /* Environment */ = {
			isa = PBXGroup;
			children = (
				AA060600000000000000001B /* ClockEnvironmentKey.swift */,
			);
			path = Environment;
			sourceTree = "<group>";
		};
		/* Plan 01.06 — UITests group */
		AA060600000000000000032B /* UITests */ = {
			isa = PBXGroup;
			children = (
				AA060600000000000000010B /* QuotaBarTests.swift */,
				AA060600000000000000011B /* RelativeTimestampLabelTests.swift */,
				AA060600000000000000012B /* FooterViewTests.swift */,
				AA090900000000000000010B /* HoverableBorderedButtonStyleTests.swift */,
			);
			path = UITests;
			sourceTree = "<group>";
		};
		/* Plan 01.07 — NotificationsTests group */
		AA070700000000000000030B /* NotificationsTests */ = {
			isa = PBXGroup;
			children = (
				AA070700000000000000010B /* ThresholdEngineTests.swift */,
				AA070700000000000000011B /* NotificationManagerTests.swift */,
				AA020500000000000000010B /* ThresholdEngineFSMTests.swift */,
				AA020500000000000000011B /* NotificationStateStoreTests.swift */,
				AA020500000000000000012B /* NotificationManagerCategoryTests.swift */,
				AA020500000000000000013B /* NotificationActionHandlerTests.swift */,
			);
			path = NotificationsTests;
			sourceTree = "<group>";
		};
		AA00000100000000000000D6 /* Resources */ = {
			isa = PBXGroup;
			children = (
				AA000001000000000000009B /* Assets.xcassets */,
				AA0000010000000000000091 /* Info.plist */,
				AA0000010000000000000092 /* Entitlements.plist */,
				AA020202000000000000030B /* Pricing */,
			);
			path = Resources;
			sourceTree = "<group>";
		};
		/* Plan 02.02 — Pricing resource subgroup */
		AA020202000000000000030B /* Pricing */ = {
			isa = PBXGroup;
			children = (
				AA020202000000000000001B /* claude-models.json */,
			);
			path = Pricing;
			sourceTree = "<group>";
		};
		AA00000100000000000000D7 /* AgentsUsageBarTests */ = {
			isa = PBXGroup;
			children = (
				AA00000100000000000000AB /* AgentsUsageBarTests.swift */,
				AA020200000000000000031B /* DomainTests */,
				AA020200000000000000032B /* InfrastructureTests */,
				AA030300000000000000031B /* ConfigTests */,
				AA040400000000000000032B /* ProvidersOpenRouterTests */,
				AA050500000000000000031B /* AggregationTests */,
				AA060600000000000000032B /* UITests */,
				AA070700000000000000030B /* NotificationsTests */,
				AA020100000000000000060B /* ProvidersClaudeTests */,
			);
			path = AgentsUsageBarTests;
			sourceTree = "<group>";
		};
		/* Plan 02.01 — ProvidersClaudeTests group */
		AA020100000000000000060B /* ProvidersClaudeTests */ = {
			isa = PBXGroup;
			children = (
				AA020100000000000000010B /* TranscriptRecordTests.swift */,
				AA020100000000000000011B /* TranscriptReaderTests.swift */,
				AA020100000000000000012B /* TranscriptDirectoryScannerTests.swift */,
				AA020300000000000000010B /* ClaudeCredentialLoaderTests.swift */,
				AA020300000000000000011B /* ClaudeOAuthResponsesTests.swift */,
				AA020300000000000000012B /* ClaudeOAuthClientTests.swift */,
				AA020202000000000000010B /* ClaudeModelPricingTests.swift */,
				AA020400000000000000010B /* ClaudeJSONLProviderTests.swift */,
				/* Plan 02.06 — OAuth circuit breaker tests */
				AA020600000000000000014B /* ClaudeJSONLProviderCircuitBreakerTests.swift */,
				AA020202000000000000031B /* Fixtures */,
			);
			path = ProvidersClaudeTests;
			sourceTree = "<group>";
		};
		/* Plan 02.02/02.03/02.04 — ProvidersClaudeTests Fixtures subgroup */
		AA020202000000000000031B /* Fixtures */ = {
			isa = PBXGroup;
			children = (
				AA020202000000000000002B /* pricing-test-models.json */,
				AA020300000000000000020B /* credentials-claudeAiOauth-shape.json */,
				AA020300000000000000021B /* credentials-mcpOAuth-shape.json */,
				AA020300000000000000022B /* oauth-usage-success.json */,
				AA020300000000000000023B /* oauth-usage-partial.json */,
				AA020300000000000000024B /* oauth-refresh-success.json */,
				AA020400000000000000020B /* multifile-session-a.jsonl */,
				AA020400000000000000021B /* multifile-session-b.jsonl */,
				AA020400000000000000022B /* duplicate-requestids.jsonl */,
			);
			path = Fixtures;
			sourceTree = "<group>";
		};
		AA00000100000000000000D8 /* MainGroup */ = {
			isa = PBXGroup;
			children = (
				AA00000100000000000000D1 /* AgentsUsageBar */,
				AA00000100000000000000D7 /* AgentsUsageBarTests */,
				AA00000100000000000000D0 /* Products */,
			);
			sourceTree = "<group>";
		};
/* End PBXGroup section */

/* Begin PBXNativeTarget section */
		AA00000100000000000000F0 /* AgentsUsageBar */ = {
			isa = PBXNativeTarget;
			buildConfigurationList = AA00000100000000000000C0 /* Build configuration list for PBXNativeTarget "AgentsUsageBar" */;
			buildPhases = (
				AA00000100000000000000F3 /* Sources */,
				AA00000100000000000000F1 /* Frameworks */,
				AA00000100000000000000F4 /* Resources */,
			);
			buildRules = (
			);
			dependencies = (
			);
			name = AgentsUsageBar;
			productName = AgentsUsageBar;
			productReference = AA00000100000000000000BB /* AgentsUsageBar.app */;
			productType = "com.apple.product-type.application";
		};
		AA00000100000000000000F5 /* AgentsUsageBarTests */ = {
			isa = PBXNativeTarget;
			buildConfigurationList = AA00000100000000000000C1 /* Build configuration list for PBXNativeTarget "AgentsUsageBarTests" */;
			buildPhases = (
				AA00000100000000000000F6 /* Sources */,
				AA00000100000000000000F2 /* Frameworks */,
				AA030300000000000000040A /* Resources */,
			);
			buildRules = (
			);
			dependencies = (
				AA00000100000000000000CB /* PBXTargetDependency */,
			);
			name = AgentsUsageBarTests;
			productName = AgentsUsageBarTests;
			productReference = AA00000100000000000000DB /* AgentsUsageBarTests.xctest */;
			productType = "com.apple.product-type.bundle.unit-test";
		};
/* End PBXNativeTarget section */

/* Begin PBXProject section */
		AA00000100000000000000E0 /* Project object */ = {
			isa = PBXProject;
			attributes = {
				BuildIndependentTargetsInParallel = 1;
				LastSwiftUpdateCheck = 1600;
				LastUpgradeCheck = 1600;
				TargetAttributes = {
					AA00000100000000000000F0 = {
						CreatedOnToolsVersion = 16.0;
					};
					AA00000100000000000000F5 = {
						CreatedOnToolsVersion = 16.0;
						TestTargetID = AA00000100000000000000F0;
					};
				};
			};
			buildConfigurationList = AA00000100000000000000C2 /* Build configuration list for PBXProject "AgentsUsageBar" */;
			compatibilityVersion = "Xcode 15.0";
			developmentRegion = en;
			hasScannedForEncodings = 0;
			knownRegions = (
				en,
				Base,
			);
			mainGroup = AA00000100000000000000D8 /* MainGroup */;
			productRefGroup = AA00000100000000000000D0 /* Products */;
			projectDirPath = "";
			projectRoot = "";
			targets = (
				AA00000100000000000000F0 /* AgentsUsageBar */,
				AA00000100000000000000F5 /* AgentsUsageBarTests */,
			);
		};
/* End PBXProject section */

/* Begin PBXResourcesBuildPhase section */
		AA00000100000000000000F4 /* Resources */ = {
			isa = PBXResourcesBuildPhase;
			buildActionMask = 2147483647;
			files = (
				AA000001000000000000009A /* Assets.xcassets in Resources */,
				/* Plan 02.02 — Bundled Claude pricing table */
				AA020202000000000000001A /* claude-models.json in Resources */,
			);
			runOnlyForDeploymentPostprocessing = 0;
		};
		AA030300000000000000040A /* Resources */ = {
			isa = PBXResourcesBuildPhase;
			buildActionMask = 2147483647;
			files = (
				AA030300000000000000020A /* valid.toml in Resources */,
				AA030300000000000000021A /* malformed.toml in Resources */,
				AA030300000000000000022A /* empty.toml in Resources */,
				AA030300000000000000023A /* comments-only.toml in Resources */,
				AA040400000000000000020A /* credits.success.json in Resources */,
				AA040400000000000000021A /* credits.unauthorized.json in Resources */,
				AA040400000000000000022A /* key.with_limit.json in Resources */,
				AA040400000000000000023A /* key.no_limit.json in Resources */,
				/* Plan 02.02 — Claude pricing test fixture */
				AA020202000000000000002A /* pricing-test-models.json in Resources */,
				/* Plan 02.03 — Claude OAuth test fixtures */
				AA020300000000000000020A /* credentials-claudeAiOauth-shape.json in Resources */,
				AA020300000000000000021A /* credentials-mcpOAuth-shape.json in Resources */,
				AA020300000000000000022A /* oauth-usage-success.json in Resources */,
				AA020300000000000000023A /* oauth-usage-partial.json in Resources */,
				AA020300000000000000024A /* oauth-refresh-success.json in Resources */,
				/* Plan 02.04 — JSONL fixture files */
				AA020400000000000000020A /* multifile-session-a.jsonl in Resources */,
				AA020400000000000000021A /* multifile-session-b.jsonl in Resources */,
				AA020400000000000000022A /* duplicate-requestids.jsonl in Resources */,
			);
			runOnlyForDeploymentPostprocessing = 0;
		};
/* End PBXResourcesBuildPhase section */

/* Begin PBXSourcesBuildPhase section */
		AA00000100000000000000F3 /* Sources */ = {
			isa = PBXSourcesBuildPhase;
			buildActionMask = 2147483647;
			files = (
				AA000001000000000000001A /* AgentsUsageBarApp.swift in Sources */,
				AA000001000000000000002A /* AppDependencies.swift in Sources */,
				AA080800000000000000001A /* AppEnvironment.swift in Sources */,
				AA000001000000000000003A /* AggregateStore.swift in Sources */,
				AA000001000000000000004A /* ProviderID.swift in Sources */,
				AA000001000000000000005A /* ProviderState.swift in Sources */,
				AA000001000000000000006A /* PopoverRootView.swift in Sources */,
				AA000001000000000000007A /* ProviderRowView.swift in Sources */,
				AA000001000000000000008A /* FooterView.swift in Sources */,
				AA020200000000000000001A /* UsageSnapshot.swift in Sources */,
				AA020200000000000000002A /* DailyTotals.swift in Sources */,
				AA020200000000000000003A /* Quota.swift in Sources */,
				AA020200000000000000004A /* ProviderStatus.swift in Sources */,
				AA020200000000000000005A /* ProviderError.swift in Sources */,
				AA020200000000000000006A /* ProviderCapabilities.swift in Sources */,
				AA020200000000000000007A /* ThresholdState.swift in Sources */,
				AA020200000000000000008A /* NotificationDecision.swift in Sources */,
				AA020200000000000000009A /* RefreshInterval.swift in Sources */,
				AA02020000000000000000AA /* Secret.swift in Sources */,
				AA02020000000000000000BA /* TodayHelper.swift in Sources */,
				AA020200000000000000010A /* HTTPClient.swift in Sources */,
				AA020200000000000000011A /* URLSessionHTTPClient.swift in Sources */,
				AA020200000000000000012A /* Clock.swift in Sources */,
				AA020200000000000000013A /* CacheStore.swift in Sources */,
				AA020200000000000000014A /* FileCacheStore.swift in Sources */,
				AA020200000000000000015A /* AppLogger.swift in Sources */,
				AA030300000000000000001A /* AppConfig.swift in Sources */,
				AA030300000000000000002A /* EnvReader.swift in Sources */,
				AA030300000000000000003A /* TomlReader.swift in Sources */,
				AA030300000000000000004A /* ConfigStore.swift in Sources */,
				AA040400000000000000001A /* UsageProvider.swift in Sources */,
				AA040400000000000000002A /* OpenRouterEndpoint.swift in Sources */,
				AA040400000000000000003A /* OpenRouterResponses.swift in Sources */,
				AA040400000000000000004A /* OpenRouterClient.swift in Sources */,
				AA040400000000000000005A /* OpenRouterProvider.swift in Sources */,
				AA050500000000000000004A /* NoopCacheStore.swift in Sources */,
				AA050500000000000000001A /* PollScheduler.swift in Sources */,
				AA050500000000000000002A /* ThresholdEngine.swift in Sources */,
				AA050500000000000000003A /* NotificationManager.swift in Sources */,
				/* Plan 01.06 — UI Environment + Components + Views */
				AA060600000000000000001A /* ClockEnvironmentKey.swift in Sources */,
				AA060600000000000000002A /* QuotaBar.swift in Sources */,
				AA060600000000000000003A /* StatusDot.swift in Sources */,
				AA060600000000000000004A /* RelativeTimestampLabel.swift in Sources */,
				AA060600000000000000005A /* TotalsHeaderView.swift in Sources */,
				/* Plan 01.07 — Notifications production */
				AA070700000000000000001A /* UNUserNotificationCenterProtocol.swift in Sources */,
				/* Plan 01.09 — Hover-style gap closure */
				AA090900000000000000001A /* HoverableBorderedButtonStyle.swift in Sources */,
				/* Plan 02.01 — Claude transcript primitives */
				AA020100000000000000001A /* TranscriptOffset.swift in Sources */,
				AA020100000000000000002A /* TranscriptRecord.swift in Sources */,
				AA020100000000000000003A /* TranscriptReader.swift in Sources */,
				AA020100000000000000004A /* TranscriptDirectoryScanner.swift in Sources */,
				/* Plan 02.03 — Domain + Claude OAuth sources */
				AA020300000000000000001A /* QuotaWindow.swift in Sources */,
				AA020300000000000000002A /* KeychainReader.swift in Sources */,
				AA020300000000000000003A /* ClaudeCredentialLoader.swift in Sources */,
				/* Plan 02.02 — Claude model pricing loader + calculator */
				AA020202000000000000003A /* ClaudeModelPricing.swift in Sources */,
				/* Plan 02.03 — Claude OAuth responses + client */
				AA020300000000000000004A /* ClaudeOAuthResponses.swift in Sources */,
				AA020300000000000000005A /* ClaudeOAuthClient.swift in Sources */,
				/* Plan 02.04 — ClaudeJSONLProvider + ClaudeRoots */
				AA020400000000000000001A /* ClaudeJSONLProvider.swift in Sources */,
				AA020400000000000000002A /* ClaudeRoots.swift in Sources */,
				/* Plan 02.05 — Threshold FSM persistence + snooze action handler */
				AA020500000000000000001A /* NotificationStateStore.swift in Sources */,
				AA020500000000000000002A /* NotificationActionHandler.swift in Sources */,
				/* Plan 02.06 — RetryPolicy + CircuitBreaker + PowerObserver */
				AA020600000000000000001A /* RetryPolicy.swift in Sources */,
				AA020600000000000000002A /* CircuitBreaker.swift in Sources */,
				AA020600000000000000003A /* PowerObserver.swift in Sources */,
			);
			runOnlyForDeploymentPostprocessing = 0;
		};
		AA00000100000000000000F6 /* Sources */ = {
			isa = PBXSourcesBuildPhase;
			buildActionMask = 2147483647;
			files = (
				AA00000100000000000000AA /* AgentsUsageBarTests.swift in Sources */,
				AA020200000000000000020A /* SecretTests.swift in Sources */,
				AA020200000000000000021A /* TodayHelperTests.swift in Sources */,
				AA020200000000000000022A /* QuotaTests.swift in Sources */,
				AA020200000000000000023A /* ThresholdStateTests.swift in Sources */,
				AA020200000000000000024A /* FileCacheStoreTests.swift in Sources */,
				AA020200000000000000025A /* URLSessionHTTPClientTests.swift in Sources */,
				AA030300000000000000010A /* TomlReaderTests.swift in Sources */,
				AA030300000000000000011A /* ConfigStoreTests.swift in Sources */,
				AA040400000000000000010A /* ResponseDecodingTests.swift in Sources */,
				AA040400000000000000011A /* OpenRouterProviderTests.swift in Sources */,
				AA040400000000000000012A /* BaselineDeltaTests.swift in Sources */,
				AA050500000000000000010A /* AggregateStoreTests.swift in Sources */,
				AA050500000000000000011A /* PollSchedulerTests.swift in Sources */,
				/* Plan 01.06 — UITests */
				AA060600000000000000010A /* QuotaBarTests.swift in Sources */,
				AA060600000000000000011A /* RelativeTimestampLabelTests.swift in Sources */,
				AA060600000000000000012A /* FooterViewTests.swift in Sources */,
				/* Plan 01.07 — NotificationsTests */
				AA070700000000000000010A /* ThresholdEngineTests.swift in Sources */,
				AA070700000000000000011A /* NotificationManagerTests.swift in Sources */,
				/* Plan 01.09 — Hover-style gap closure tests */
				AA090900000000000000010A /* HoverableBorderedButtonStyleTests.swift in Sources */,
				/* Plan 02.01 — Claude transcript tests */
				AA020100000000000000010A /* TranscriptRecordTests.swift in Sources */,
				AA020100000000000000011A /* TranscriptReaderTests.swift in Sources */,
				AA020100000000000000012A /* TranscriptDirectoryScannerTests.swift in Sources */,
				AA020300000000000000010A /* ClaudeCredentialLoaderTests.swift in Sources */,
				AA020100000000000000020A /* FileCacheStoreSchemaV2Tests.swift in Sources */,
				/* Plan 02.02 — Claude model pricing tests */
				AA020202000000000000010A /* ClaudeModelPricingTests.swift in Sources */,
				/* Plan 02.03 — Claude OAuth tests */
				AA020300000000000000011A /* ClaudeOAuthResponsesTests.swift in Sources */,
				AA020300000000000000012A /* ClaudeOAuthClientTests.swift in Sources */,
				/* Plan 02.04 — ClaudeJSONLProviderTests */
				AA020400000000000000010A /* ClaudeJSONLProviderTests.swift in Sources */,
				/* Plan 02.05 — Threshold FSM + StateStore + ActionHandler + Manager category + Snooze tests */
				AA020500000000000000010A /* ThresholdEngineFSMTests.swift in Sources */,
				AA020500000000000000011A /* NotificationStateStoreTests.swift in Sources */,
				AA020500000000000000012A /* NotificationManagerCategoryTests.swift in Sources */,
				AA020500000000000000013A /* NotificationActionHandlerTests.swift in Sources */,
				AA020500000000000000014A /* AggregateStoreSnoozeTests.swift in Sources */,
				/* Plan 02.06 — RetryPolicy + CircuitBreaker + PowerObserver + sleep/wake + OAuth breaker tests */
				AA020600000000000000010A /* RetryPolicyTests.swift in Sources */,
				AA020600000000000000011A /* CircuitBreakerTests.swift in Sources */,
				AA020600000000000000012A /* PowerObserverTests.swift in Sources */,
				AA020600000000000000013A /* PollSchedulerSleepWakeTests.swift in Sources */,
				AA020600000000000000014A /* ClaudeJSONLProviderCircuitBreakerTests.swift in Sources */,
			);
			runOnlyForDeploymentPostprocessing = 0;
		};
/* End PBXSourcesBuildPhase section */

/* Begin PBXTargetDependency section */
		AA00000100000000000000CB /* PBXTargetDependency */ = {
			isa = PBXTargetDependency;
			target = AA00000100000000000000F0 /* AgentsUsageBar */;
			targetProxy = AA00000100000000000000CA /* PBXContainerItemProxy */;
		};
/* End PBXTargetDependency section */

/* Begin XCBuildConfiguration section */
		AA00000100000000000000C3 /* Debug */ = {
			isa = XCBuildConfiguration;
			buildSettings = {
				ALWAYS_SEARCH_USER_PATHS = NO;
				ASSETCATALOG_COMPILER_GENERATE_SWIFT_ASSET_SYMBOL_EXTENSIONS = YES;
				CLANG_ANALYZER_NONNULL = YES;
				CLANG_ANALYZER_NUMBER_OBJECT_CONVERSION = YES_AGGRESSIVE;
				CLANG_CXX_LANGUAGE_STANDARD = "gnu++20";
				CLANG_ENABLE_MODULES = YES;
				CLANG_ENABLE_OBJC_ARC = YES;
				CLANG_ENABLE_OBJC_WEAK = YES;
				CLANG_WARN_BLOCK_CAPTURE_AUTORELEASING = YES;
				CLANG_WARN_BOOL_CONVERSION = YES;
				CLANG_WARN_COMMA = YES;
				CLANG_WARN_CONSTANT_CONVERSION = YES;
				CLANG_WARN_DEPRECATED_OBJC_IMPLEMENTATIONS = YES;
				CLANG_WARN_DIRECT_OBJC_ISA_USAGE = YES_ERROR;
				CLANG_WARN_DOCUMENTATION_COMMENTS = YES;
				CLANG_WARN_EMPTY_BODY = YES;
				CLANG_WARN_ENUM_CONVERSION = YES;
				CLANG_WARN_INFINITE_RECURSION = YES;
				CLANG_WARN_INT_CONVERSION = YES;
				CLANG_WARN_NON_LITERAL_NULL_CONVERSION = YES;
				CLANG_WARN_OBJC_IMPLICIT_RETAIN_SELF = YES;
				CLANG_WARN_OBJC_LITERAL_CONVERSION = YES;
				CLANG_WARN_OBJC_ROOT_CLASS = YES_ERROR;
				CLANG_WARN_QUOTED_INCLUDE_IN_FRAMEWORK_HEADER = YES;
				CLANG_WARN_RANGE_LOOP_ANALYSIS = YES;
				CLANG_WARN_STRICT_PROTOTYPES = YES;
				CLANG_WARN_SUSPICIOUS_MOVE = YES;
				CLANG_WARN_UNGUARDED_AVAILABILITY = YES_AGGRESSIVE;
				CLANG_WARN_UNREACHABLE_CODE = YES;
				CLANG_WARN__DUPLICATE_METHOD_MATCH = YES;
				COPY_PHASE_STRIP = NO;
				DEBUG_INFORMATION_FORMAT = dwarf;
				ENABLE_STRICT_OBJC_MSGSEND = YES;
				ENABLE_TESTABILITY = YES;
				ENABLE_USER_SCRIPT_SANDBOXING = YES;
				GCC_C_LANGUAGE_STANDARD = gnu17;
				GCC_DYNAMIC_NO_PIC = NO;
				GCC_NO_COMMON_BLOCKS = YES;
				GCC_OPTIMIZATION_LEVEL = 0;
				GCC_PREPROCESSOR_DEFINITIONS = (
					"DEBUG=1",
					"$(inherited)",
				);
				GCC_WARN_64_TO_32_BIT_CONVERSION = YES;
				GCC_WARN_ABOUT_RETURN_TYPE = YES_ERROR;
				GCC_WARN_UNDECLARED_SELECTOR = YES;
				GCC_WARN_UNINITIALIZED_AUTOS = YES_AGGRESSIVE;
				GCC_WARN_UNUSED_FUNCTION = YES;
				GCC_WARN_UNUSED_VARIABLE = YES;
				MACOSX_DEPLOYMENT_TARGET = 14.0;
				MTL_ENABLE_DEBUG_INFO = INCLUDE_SOURCE;
				MTL_FAST_MATH = YES;
				ONLY_ACTIVE_ARCH = YES;
				SDKROOT = macosx;
				SWIFT_ACTIVE_COMPILATION_CONDITIONS = "DEBUG $(inherited)";
				SWIFT_OPTIMIZATION_LEVEL = "-Onone";
			};
			name = Debug;
		};
		AA00000100000000000000C4 /* Release */ = {
			isa = XCBuildConfiguration;
			buildSettings = {
				ALWAYS_SEARCH_USER_PATHS = NO;
				ASSETCATALOG_COMPILER_GENERATE_SWIFT_ASSET_SYMBOL_EXTENSIONS = YES;
				CLANG_ANALYZER_NONNULL = YES;
				CLANG_ANALYZER_NUMBER_OBJECT_CONVERSION = YES_AGGRESSIVE;
				CLANG_CXX_LANGUAGE_STANDARD = "gnu++20";
				CLANG_ENABLE_MODULES = YES;
				CLANG_ENABLE_OBJC_ARC = YES;
				CLANG_ENABLE_OBJC_WEAK = YES;
				CLANG_WARN_BLOCK_CAPTURE_AUTORELEASING = YES;
				CLANG_WARN_BOOL_CONVERSION = YES;
				CLANG_WARN_COMMA = YES;
				CLANG_WARN_CONSTANT_CONVERSION = YES;
				CLANG_WARN_DEPRECATED_OBJC_IMPLEMENTATIONS = YES;
				CLANG_WARN_DIRECT_OBJC_ISA_USAGE = YES_ERROR;
				CLANG_WARN_DOCUMENTATION_COMMENTS = YES;
				CLANG_WARN_EMPTY_BODY = YES;
				CLANG_WARN_ENUM_CONVERSION = YES;
				CLANG_WARN_INFINITE_RECURSION = YES;
				CLANG_WARN_INT_CONVERSION = YES;
				CLANG_WARN_NON_LITERAL_NULL_CONVERSION = YES;
				CLANG_WARN_OBJC_IMPLICIT_RETAIN_SELF = YES;
				CLANG_WARN_OBJC_LITERAL_CONVERSION = YES;
				CLANG_WARN_OBJC_ROOT_CLASS = YES_ERROR;
				CLANG_WARN_QUOTED_INCLUDE_IN_FRAMEWORK_HEADER = YES;
				CLANG_WARN_RANGE_LOOP_ANALYSIS = YES;
				CLANG_WARN_STRICT_PROTOTYPES = YES;
				CLANG_WARN_SUSPICIOUS_MOVE = YES;
				CLANG_WARN_UNGUARDED_AVAILABILITY = YES_AGGRESSIVE;
				CLANG_WARN_UNREACHABLE_CODE = YES;
				CLANG_WARN__DUPLICATE_METHOD_MATCH = YES;
				COPY_PHASE_STRIP = NO;
				DEBUG_INFORMATION_FORMAT = "dwarf-with-dsym";
				ENABLE_NS_ASSERTIONS = NO;
				ENABLE_STRICT_OBJC_MSGSEND = YES;
				ENABLE_USER_SCRIPT_SANDBOXING = YES;
				GCC_C_LANGUAGE_STANDARD = gnu17;
				GCC_NO_COMMON_BLOCKS = YES;
				GCC_WARN_64_TO_32_BIT_CONVERSION = YES;
				GCC_WARN_ABOUT_RETURN_TYPE = YES_ERROR;
				GCC_WARN_UNDECLARED_SELECTOR = YES;
				GCC_WARN_UNINITIALIZED_AUTOS = YES_AGGRESSIVE;
				GCC_WARN_UNUSED_FUNCTION = YES;
				GCC_WARN_UNUSED_VARIABLE = YES;
				MACOSX_DEPLOYMENT_TARGET = 14.0;
				MTL_FAST_MATH = YES;
				SDKROOT = macosx;
				SWIFT_COMPILATION_MODE = wholemodule;
				SWIFT_OPTIMIZATION_LEVEL = "-O";
			};
			name = Release;
		};
		AA00000100000000000000C5 /* Debug */ = {
			isa = XCBuildConfiguration;
			buildSettings = {
				ASSETCATALOG_COMPILER_APPICON_NAME = AppIcon;
				CODE_SIGN_ENTITLEMENTS = AgentsUsageBar/Resources/Entitlements.plist;
				CODE_SIGN_STYLE = Automatic;
				COMBINE_HIDPI_IMAGES = YES;
				ENABLE_APP_SANDBOX = NO;
				ENABLE_HARDENED_RUNTIME = YES;
				GENERATE_INFOPLIST_FILE = NO;
				INFOPLIST_FILE = AgentsUsageBar/Resources/Info.plist;
				LD_RUNPATH_SEARCH_PATHS = (
					"$(inherited)",
					"@executable_path/../Frameworks",
				);
				MACOSX_DEPLOYMENT_TARGET = 14.0;
				MARKETING_VERSION = 0.1.0;
				PRODUCT_BUNDLE_IDENTIFIER = app.agents-usage-bar;
				PRODUCT_NAME = AgentsUsageBar;
				SDKROOT = macosx;
				SWIFT_EMIT_LOC_STRINGS = YES;
				SWIFT_STRICT_CONCURRENCY = complete;
				SWIFT_VERSION = 6.0;
			};
			name = Debug;
		};
		AA00000100000000000000C6 /* Release */ = {
			isa = XCBuildConfiguration;
			buildSettings = {
				ASSETCATALOG_COMPILER_APPICON_NAME = AppIcon;
				CODE_SIGN_ENTITLEMENTS = AgentsUsageBar/Resources/Entitlements.plist;
				CODE_SIGN_STYLE = Automatic;
				COMBINE_HIDPI_IMAGES = YES;
				ENABLE_APP_SANDBOX = NO;
				ENABLE_HARDENED_RUNTIME = YES;
				GENERATE_INFOPLIST_FILE = NO;
				INFOPLIST_FILE = AgentsUsageBar/Resources/Info.plist;
				LD_RUNPATH_SEARCH_PATHS = (
					"$(inherited)",
					"@executable_path/../Frameworks",
				);
				MACOSX_DEPLOYMENT_TARGET = 14.0;
				MARKETING_VERSION = 0.1.0;
				PRODUCT_BUNDLE_IDENTIFIER = app.agents-usage-bar;
				PRODUCT_NAME = AgentsUsageBar;
				SDKROOT = macosx;
				SWIFT_EMIT_LOC_STRINGS = YES;
				SWIFT_STRICT_CONCURRENCY = complete;
				SWIFT_VERSION = 6.0;
			};
			name = Release;
		};
		AA00000100000000000000C7 /* Debug */ = {
			isa = XCBuildConfiguration;
			buildSettings = {
				BUNDLE_LOADER = "$(TEST_HOST)";
				CODE_SIGN_STYLE = Automatic;
				ENABLE_APP_SANDBOX = NO;
				ENABLE_HARDENED_RUNTIME = YES;
				GENERATE_INFOPLIST_FILE = YES;
				MACOSX_DEPLOYMENT_TARGET = 14.0;
				MARKETING_VERSION = 0.1.0;
				PRODUCT_BUNDLE_IDENTIFIER = app.agents-usage-bar.tests;
				PRODUCT_NAME = AgentsUsageBarTests;
				SDKROOT = macosx;
				SWIFT_STRICT_CONCURRENCY = complete;
				SWIFT_VERSION = 6.0;
				TEST_HOST = "$(BUILT_PRODUCTS_DIR)/AgentsUsageBar.app/Contents/MacOS/AgentsUsageBar";
			};
			name = Debug;
		};
		AA00000100000000000000C8 /* Release */ = {
			isa = XCBuildConfiguration;
			buildSettings = {
				BUNDLE_LOADER = "$(TEST_HOST)";
				CODE_SIGN_STYLE = Automatic;
				ENABLE_APP_SANDBOX = NO;
				ENABLE_HARDENED_RUNTIME = YES;
				GENERATE_INFOPLIST_FILE = YES;
				MACOSX_DEPLOYMENT_TARGET = 14.0;
				MARKETING_VERSION = 0.1.0;
				PRODUCT_BUNDLE_IDENTIFIER = app.agents-usage-bar.tests;
				PRODUCT_NAME = AgentsUsageBarTests;
				SDKROOT = macosx;
				SWIFT_STRICT_CONCURRENCY = complete;
				SWIFT_VERSION = 6.0;
				TEST_HOST = "$(BUILT_PRODUCTS_DIR)/AgentsUsageBar.app/Contents/MacOS/AgentsUsageBar";
			};
			name = Release;
		};
/* End XCBuildConfiguration section */

/* Begin XCConfigurationList section */
		AA00000100000000000000C0 /* Build configuration list for PBXNativeTarget "AgentsUsageBar" */ = {
			isa = XCConfigurationList;
			buildConfigurations = (
				AA00000100000000000000C5 /* Debug */,
				AA00000100000000000000C6 /* Release */,
			);
			defaultConfigurationIsVisible = 0;
			defaultConfigurationName = Release;
		};
		AA00000100000000000000C1 /* Build configuration list for PBXNativeTarget "AgentsUsageBarTests" */ = {
			isa = XCConfigurationList;
			buildConfigurations = (
				AA00000100000000000000C7 /* Debug */,
				AA00000100000000000000C8 /* Release */,
			);
			defaultConfigurationIsVisible = 0;
			defaultConfigurationName = Release;
		};
		AA00000100000000000000C2 /* Build configuration list for PBXProject "AgentsUsageBar" */ = {
			isa = XCConfigurationList;
			buildConfigurations = (
				AA00000100000000000000C3 /* Debug */,
				AA00000100000000000000C4 /* Release */,
			);
			defaultConfigurationIsVisible = 0;
			defaultConfigurationName = Release;
		};
/* End XCConfigurationList section */

	};
	rootObject = AA00000100000000000000E0 /* Project object */;
}
